
Microsoft Visual Studio Solution File, Format Version 12.00
# Visual Studio Version 17
VisualStudioVersion = 17.1.32228.430
MinimumVisualStudioVersion = 10.0.40219.1
Project("{FAE04EC0-301F-11D3-BF4B-00C04F79EFBC}") = "PictureGalleryApp", "PictureGalleryApp\PictureGalleryApp.csproj", "{CA5CB17D-CFF7-4B40-AE03-A785142D4126}"
EndProject
Project("{FAE04EC0-301F-11D3-BF4B-00C04F79EFBC}") = "Contract", "Contract\Contract.csproj", "{4F47DCF3-14FE-4450-B11B-A4E1633414F5}"
EndProject
Project("{FAE04EC0-301F-11D3-BF4B-00C04F79EFBC}") = "PictureGalleryServer", "PictureGalleryServer\PictureGalleryServer.csproj", "{33A30B3B-41E2-46BF-BB2C-7CA0491D6C50}"
EndProject
Project("{FAE04EC0-301F-11D3-BF4B-00C04F79EFBC}") = "TestClient", "TestClient\TestClient.csproj", "{DE8AFC81-30FC-4D44-9F3A-112098C126A1}"
EndProject
Project("{FAE04EC0-301F-11D3-BF4B-00C04F79EFBC}") = "Model", "Model\Model.csproj", "{B448F256-C87F-43F1-A2AB-D1C44A919299}"
EndProject
Global
	GlobalSection(SolutionConfigurationPlatforms) = preSolution
		Debug|Any CPU = Debug|Any CPU
		Release|Any CPU = Release|Any CPU
	EndGlobalSection
	GlobalSection(ProjectConfigurationPlatforms) = postSolution
		{CA5CB17D-CFF7-4B40-AE03-A785142D4126}.Debug|Any CPU.ActiveCfg = Debug|Any CPU
		{CA5CB17D-CFF7-4B40-AE03-A785142D4126}.Debug|Any CPU.Build.0 = Debug|Any CPU
		{CA5CB17D-CFF7-4B40-AE03-A785142D4126}.Release|Any CPU.ActiveCfg = Release|Any CPU
		{CA5CB17D-CFF7-4B40-AE03-A785142D4126}.Release|Any CPU.Build.0 = Release|Any CPU
		{4F47DCF3-14FE-4450-B11B-A4E1633414F5}.Debug|Any CPU.ActiveCfg = Debug|Any CPU
		{4F47DCF3-14FE-4450-B11B-A4E1633414F5}.Debug|Any CPU.Build.0 = Debug|Any CPU
		{4F47DCF3-14FE-4450-B11B-A4E1633414F5}.Release|Any CPU.ActiveCfg = Release|Any CPU
		{4F47DCF3-14FE-4450-B11B-A4E1633414F5}.Release|Any CPU.Build.0 = Release|Any CPU
		{33A30B3B-41E2-46BF-BB2C-7CA0491D6C50}.Debug|Any CPU.ActiveCfg = Debug|Any CPU
		{33A30B3B-41E2-46BF-BB2C-7CA0491D6C50}.Debug|Any CPU.Build.0 = Debug|Any CPU
		{33A30B3B-41E2-46BF-BB2C-7CA0491D6C50}.Release|Any CPU.ActiveCfg = Release|Any CPU
		{33A30B3B-41E2-46BF-BB2C-7CA0491D6C50}.Release|Any CPU.Build.0 = Release|Any CPU
		{DE8AFC81-30FC-4D44-9F3A-112098C126A1}.Debug|Any CPU.ActiveCfg = Debug|Any CPU
		{DE8AFC81-30FC-4D44-9F3A-112098C126A1}.Debug|Any CPU.Build.0 = Debug|Any CPU
		{DE8AFC81-30FC-4D44-9F3A-112098C126A1}.Release|Any CPU.ActiveCfg = Release|Any CPU
		{DE8AFC81-30FC-4D44-9F3A-112098C126A1}.Release|Any CPU.Build.0 = Release|Any CPU
		{B448F256-C87F-43F1-A2AB-D1C44A919299}.Debug|Any CPU.ActiveCfg = Debug|Any CPU
		{B448F256-C87F-43F1-A2AB-D1C44A919299}.Debug|Any CPU.Build.0 = Debug|Any CPU
		{B448F256-C87F-43F1-A2AB-D1C44A919299}.Release|Any CPU.ActiveCfg = Release|Any CPU
		{B448F256-C87F-43F1-A2AB-D1C44A919299}.Release|Any CPU.Build.0 = Release|Any CPU
	EndGlobalSection
	GlobalSection(SolutionProperties) = preSolution
		HideSolutionNode = FALSE
	EndGlobalSection
	GlobalSection(ExtensibilityGlobals) = postSolution
		SolutionGuid = {7AC91E84-ADB2-4DB7-BAA5-058BA8D2B542}
	EndGlobalSection
EndGlobal
